
Microsoft Visual Studio Solution File, Format Version 12.00
# Visual Studio 14
VisualStudioVersion = 14.0.25420.1
MinimumVisualStudioVersion = 10.0.40219.1
Project("{FAE04EC0-301F-11D3-BF4B-00C04F79EFBC}") = "THOT", "THOT\THOT.csproj", "{ECA33420-2FAB-4E2C-8B53-89AA3BFBA532}"
EndProject
Project("{FAE04EC0-301F-11D3-BF4B-00C04F79EFBC}") = "THOT.Tests", "THOT.Tests\THOT.Tests.csproj", "{8124D0C2-4093-4E2D-9344-9FBF8BD55CDF}"
EndProject
Global
	GlobalSection(SolutionConfigurationPlatforms) = preSolution
		Debug|Any CPU = Debug|Any CPU
		Release|Any CPU = Release|Any CPU
	EndGlobalSection
	GlobalSection(ProjectConfigurationPlatforms) = postSolution
		{ECA33420-2FAB-4E2C-8B53-89AA3BFBA532}.Debug|Any CPU.ActiveCfg = Debug|Any CPU
		{ECA33420-2FAB-4E2C-8B53-89AA3BFBA532}.Debug|Any CPU.Build.0 = Debug|Any CPU
		{ECA33420-2FAB-4E2C-8B53-89AA3BFBA532}.Release|Any CPU.ActiveCfg = Release|Any CPU
		{ECA33420-2FAB-4E2C-8B53-89AA3BFBA532}.Release|Any CPU.Build.0 = Release|Any CPU
		{8124D0C2-4093-4E2D-9344-9FBF8BD55CDF}.Debug|Any CPU.ActiveCfg = Debug|Any CPU
		{8124D0C2-4093-4E2D-9344-9FBF8BD55CDF}.Debug|Any CPU.Build.0 = Debug|Any CPU
		{8124D0C2-4093-4E2D-9344-9FBF8BD55CDF}.Release|Any CPU.ActiveCfg = Release|Any CPU
		{8124D0C2-4093-4E2D-9344-9FBF8BD55CDF}.Release|Any CPU.Build.0 = Release|Any CPU
	EndGlobalSection
	GlobalSection(SolutionProperties) = preSolution
		HideSolutionNode = FALSE
	EndGlobalSection
EndGlobal
